
Microsoft Visual Studio Solution File, Format Version 12.00
# Visual Studio Version 16
VisualStudioVersion = 16.0.31306.274
MinimumVisualStudioVersion = 10.0.40219.1
Project("{9A19103F-16F7-4668-BE54-9A1E7A4F7556}") = "SmartLock", "SmartLock\SmartLock.csproj", "{FB28CC40-3F0A-4E44-AB75-214EE825344E}"
EndProject
Project("{9A19103F-16F7-4668-BE54-9A1E7A4F7556}") = "SmartLock.Sample", "SmartLock.Sample\SmartLock.Sample.csproj", "{5727B8DC-0BA7-4AD8-8A0F-178892E2C3C5}"
EndProject
Project("{9A19103F-16F7-4668-BE54-9A1E7A4F7556}") = "SmartLock.Tests", "SmartLock.Tests\SmartLock.Tests.csproj", "{49A4EA48-93CF-4E48-872E-46E7126E3580}"
EndProject
Global
	GlobalSection(SolutionConfigurationPlatforms) = preSolution
		Debug|Any CPU = Debug|Any CPU
		Release|Any CPU = Release|Any CPU
	EndGlobalSection
	GlobalSection(ProjectConfigurationPlatforms) = postSolution
		{FB28CC40-3F0A-4E44-AB75-214EE825344E}.Debug|Any CPU.ActiveCfg = Debug|Any CPU
		{FB28CC40-3F0A-4E44-AB75-214EE825344E}.Debug|Any CPU.Build.0 = Debug|Any CPU
		{FB28CC40-3F0A-4E44-AB75-214EE825344E}.Release|Any CPU.ActiveCfg = Release|Any CPU
		{FB28CC40-3F0A-4E44-AB75-214EE825344E}.Release|Any CPU.Build.0 = Release|Any CPU
		{5727B8DC-0BA7-4AD8-8A0F-178892E2C3C5}.Debug|Any CPU.ActiveCfg = Debug|Any CPU
		{5727B8DC-0BA7-4AD8-8A0F-178892E2C3C5}.Debug|Any CPU.Build.0 = Debug|Any CPU
		{5727B8DC-0BA7-4AD8-8A0F-178892E2C3C5}.Release|Any CPU.ActiveCfg = Release|Any CPU
		{5727B8DC-0BA7-4AD8-8A0F-178892E2C3C5}.Release|Any CPU.Build.0 = Release|Any CPU
		{49A4EA48-93CF-4E48-872E-46E7126E3580}.Debug|Any CPU.ActiveCfg = Debug|Any CPU
		{49A4EA48-93CF-4E48-872E-46E7126E3580}.Debug|Any CPU.Build.0 = Debug|Any CPU
		{49A4EA48-93CF-4E48-872E-46E7126E3580}.Release|Any CPU.ActiveCfg = Release|Any CPU
		{49A4EA48-93CF-4E48-872E-46E7126E3580}.Release|Any CPU.Build.0 = Release|Any CPU
	EndGlobalSection
	GlobalSection(SolutionProperties) = preSolution
		HideSolutionNode = FALSE
	EndGlobalSection
	GlobalSection(ExtensibilityGlobals) = postSolution
		SolutionGuid = {899059F7-9231-4263-904E-CEF020BF5EA9}
	EndGlobalSection
EndGlobal
